
Microsoft Visual Studio Solution File, Format Version 12.00
# Visual Studio Version 17
VisualStudioVersion = 17.7.34031.279
MinimumVisualStudioVersion = 10.0.40219.1
Project("{FAE04EC0-301F-11D3-BF4B-00C04F79EFBC}") = "ApiaryNotes.Web", "ApiaryNotes.Web\ApiaryNotes.Web.csproj", "{607D75A4-8888-4B45-BDC9-DA120AC496C9}"
EndProject
Global
	GlobalSection(SolutionConfigurationPlatforms) = preSolution
		Debug|Any CPU = Debug|Any CPU
		Release|Any CPU = Release|Any CPU
	EndGlobalSection
	GlobalSection(ProjectConfigurationPlatforms) = postSolution
		{607D75A4-8888-4B45-BDC9-DA120AC496C9}.Debug|Any CPU.ActiveCfg = Debug|Any CPU
		{607D75A4-8888-4B45-BDC9-DA120AC496C9}.Debug|Any CPU.Build.0 = Debug|Any CPU
		{607D75A4-8888-4B45-BDC9-DA120AC496C9}.Release|Any CPU.ActiveCfg = Release|Any CPU
		{607D75A4-8888-4B45-BDC9-DA120AC496C9}.Release|Any CPU.Build.0 = Release|Any CPU
	EndGlobalSection
	GlobalSection(SolutionProperties) = preSolution
		HideSolutionNode = FALSE
	EndGlobalSection
	GlobalSection(ExtensibilityGlobals) = postSolution
		SolutionGuid = {58DED4E7-2895-4F18-BE93-0B7CA1C886A7}
	EndGlobalSection
EndGlobal
